
Microsoft Visual Studio Solution File, Format Version 12.00
# Visual Studio 15
VisualStudioVersion = 15.0.27130.2020
MinimumVisualStudioVersion = 10.0.40219.1
Project("{FAE04EC0-301F-11D3-BF4B-00C04F79EFBC}") = "CityInfo.API", "CityInfo.API\CityInfo.API.csproj", "{74ADCA98-BFB6-470D-B449-3552023C3CC9}"
EndProject
Global
	GlobalSection(SolutionConfigurationPlatforms) = preSolution
		Debug|Any CPU = Debug|Any CPU
		Release|Any CPU = Release|Any CPU
	EndGlobalSection
	GlobalSection(ProjectConfigurationPlatforms) = postSolution
		{74ADCA98-BFB6-470D-B449-3552023C3CC9}.Debug|Any CPU.ActiveCfg = Debug|Any CPU
		{74ADCA98-BFB6-470D-B449-3552023C3CC9}.Debug|Any CPU.Build.0 = Debug|Any CPU
		{74ADCA98-BFB6-470D-B449-3552023C3CC9}.Release|Any CPU.ActiveCfg = Release|Any CPU
		{74ADCA98-BFB6-470D-B449-3552023C3CC9}.Release|Any CPU.Build.0 = Release|Any CPU
	EndGlobalSection
	GlobalSection(SolutionProperties) = preSolution
		HideSolutionNode = FALSE
	EndGlobalSection
	GlobalSection(ExtensibilityGlobals) = postSolution
		SolutionGuid = {C03D2BFD-ABF1-43F3-9B23-EF7BDBD103BF}
	EndGlobalSection
EndGlobal
